{
  "name": "product-website",
  "lockfileVersion": 3,
  "requires": true,
  "packages": {
    "": {
      "dependencies": {
        "the-new-css-reset": "^1.8.3"
      }
    },
    "node_modules/the-new-css-reset": {
      "version": "1.8.3",
      "resolved": "https://registry.npmjs.org/the-new-css-reset/-/the-new-css-reset-1.8.3.tgz",
      "integrity": "sha512-wEGQr1UJE9Bznjqf6eIYodMhF9QbC6+gLCNmGKrWXKurAclLDS+vaYs4ja/s5AR1b3zoCrsOCAtisiYgLlZF0A=="
    }
  }
}
